
Microsoft Visual Studio Solution File, Format Version 12.00
# Visual Studio Version 17
VisualStudioVersion = 17.2.32616.157
MinimumVisualStudioVersion = 10.0.40219.1
Project("{FAE04EC0-301F-11D3-BF4B-00C04F79EFBC}") = "WebMVC", "WebMVC\WebMVC.csproj", "{3F3FF5B6-823F-4359-825D-CF647B0E39AF}"
EndProject
Global
	GlobalSection(SolutionConfigurationPlatforms) = preSolution
		Debug|Any CPU = Debug|Any CPU
		Release|Any CPU = Release|Any CPU
	EndGlobalSection
	GlobalSection(ProjectConfigurationPlatforms) = postSolution
		{3F3FF5B6-823F-4359-825D-CF647B0E39AF}.Debug|Any CPU.ActiveCfg = Debug|Any CPU
		{3F3FF5B6-823F-4359-825D-CF647B0E39AF}.Debug|Any CPU.Build.0 = Debug|Any CPU
		{3F3FF5B6-823F-4359-825D-CF647B0E39AF}.Release|Any CPU.ActiveCfg = Release|Any CPU
		{3F3FF5B6-823F-4359-825D-CF647B0E39AF}.Release|Any CPU.Build.0 = Release|Any CPU
	EndGlobalSection
	GlobalSection(SolutionProperties) = preSolution
		HideSolutionNode = FALSE
	EndGlobalSection
	GlobalSection(ExtensibilityGlobals) = postSolution
		SolutionGuid = {30C46C62-91B0-418B-B446-0599293C9CFF}
	EndGlobalSection
EndGlobal
